<?xml version="1.0" encoding="utf-8"?>
<Project ToolsVersion="4.0" xmlns="http://schemas.microsoft.com/developer/msbuild/2003">
  <ItemGroup>
    <ClCompile Include="Source\tinyxml2.cpp">
      <Filter>External</Filter>
    </ClCompile>
    <ClCompile Include="Source\Dll.cpp">
      <Filter>Final %28DLL%29</Filter>
    </ClCompile>
    <ClCompile Include="Source\ZCareAI.cpp">
      <Filter>Final %28DLL%29</Filter>
    </ClCompile>
    <ClCompile Include="Source\CombatManager.cpp">
      <Filter>Managers</Filter>
    </ClCompile>
    <ClCompile Include="Source\GameManager.cpp">
      <Filter>Managers</Filter>
    </ClCompile>
    <ClCompile Include="Source\ProductionManager.cpp">
      <Filter>Managers</Filter>
    </ClCompile>
    <ClCompile Include="Source\WorkerManager.cpp">
      <Filter>Managers</Filter>
    </ClCompile>
    <ClCompile Include="Source\Base.cpp">
      <Filter>Utils</Filter>
    </ClCompile>
    <ClCompile Include="Source\BOInstruction.cpp">
      <Filter>Utils</Filter>
    </ClCompile>
    <ClCompile Include="Source\ForbiddenPlaces.cpp">
      <Filter>Utils</Filter>
    </ClCompile>
    <ClCompile Include="Source\Resource.cpp">
      <Filter>Utils</Filter>
    </ClCompile>
    <ClCompile Include="Source\Squad.cpp">
      <Filter>Utils</Filter>
    </ClCompile>
    <ClCompile Include="Source\ToolBox.cpp">
      <Filter>Utils</Filter>
    </ClCompile>
    <ClCompile Include="Source\BOParser.cpp">
      <Filter>Utils</Filter>
    </ClCompile>
    <ClCompile Include="Source\BuildOrder.cpp">
      <Filter>Managers</Filter>
    </ClCompile>
  </ItemGroup>
  <ItemGroup>
    <ClInclude Include="Source\tinyxml2.h">
      <Filter>External</Filter>
    </ClInclude>
    <ClInclude Include="Source\ZCareAI.h">
      <Filter>Final %28DLL%29</Filter>
    </ClInclude>
    <ClInclude Include="Source\CombatManager.h">
      <Filter>Managers</Filter>
    </ClInclude>
    <ClInclude Include="Source\GameManager.h">
      <Filter>Managers</Filter>
    </ClInclude>
    <ClInclude Include="Source\ProductionManager.h">
      <Filter>Managers</Filter>
    </ClInclude>
    <ClInclude Include="Source\WorkerManager.h">
      <Filter>Managers</Filter>
    </ClInclude>
    <ClInclude Include="Source\Base.h">
      <Filter>Utils</Filter>
    </ClInclude>
    <ClInclude Include="Source\BOInstruction.h">
      <Filter>Utils</Filter>
    </ClInclude>
    <ClInclude Include="Source\ForbiddenPlaces.h">
      <Filter>Utils</Filter>
    </ClInclude>
    <ClInclude Include="Source\Resource.h">
      <Filter>Utils</Filter>
    </ClInclude>
    <ClInclude Include="Source\Squad.h">
      <Filter>Utils</Filter>
    </ClInclude>
    <ClInclude Include="Source\ToolBox.h">
      <Filter>Utils</Filter>
    </ClInclude>
    <ClInclude Include="Source\BOParser.h">
      <Filter>Utils</Filter>
    </ClInclude>
    <ClInclude Include="Source\BuildOrder.h">
      <Filter>Managers</Filter>
    </ClInclude>
  </ItemGroup>
  <ItemGroup>
    <Filter Include="External">
      <UniqueIdentifier>{e862a99a-ffa3-41e6-8003-ec1fbf9f4258}</UniqueIdentifier>
    </Filter>
    <Filter Include="Final %28DLL%29">
      <UniqueIdentifier>{c17249c3-1c9f-4d7a-bf84-609af59f7e65}</UniqueIdentifier>
    </Filter>
    <Filter Include="Managers">
      <UniqueIdentifier>{d0a1ae54-3207-4466-b0a1-93740ef9a50d}</UniqueIdentifier>
    </Filter>
    <Filter Include="Utils">
      <UniqueIdentifier>{c8610ee8-6d81-4933-b9cb-650a1516e216}</UniqueIdentifier>
    </Filter>
  </ItemGroup>
</Project>